PODS:
  - Auth0 (2.10.0):
    - JWTDecode (= 3.2.0)
    - SimpleKeychain (= 1.2.0)
  - auth0_flutter (1.14.0):
    - Auth0 (= 2.10.0)
    - Flutter
    - FlutterMacOS
    - JWTDecode (= 3.2.0)
    - SimpleKeychain (= 1.2.0)
  - Flutter (1.0.0)
  - flutter_secure_storage (6.0.0):
    - Flutter
  - JWTDecode (3.2.0)
  - package_info_plus (0.4.5):
    - Flutter
  - path_provider_foundation (0.0.1):
    - Flutter
    - FlutterMacOS
  - SimpleKeychain (1.2.0)

DEPENDENCIES:
  - auth0_flutter (from `.symlinks/plugins/auth0_flutter/darwin`)
  - Flutter (from `Flutter`)
  - flutter_secure_storage (from `.symlinks/plugins/flutter_secure_storage/ios`)
  - package_info_plus (from `.symlinks/plugins/package_info_plus/ios`)
  - path_provider_foundation (from `.symlinks/plugins/path_provider_foundation/darwin`)

SPEC REPOS:
  trunk:
    - Auth0
    - JWTDecode
    - SimpleKeychain

EXTERNAL SOURCES:
  auth0_flutter:
    :path: ".symlinks/plugins/auth0_flutter/darwin"
  Flutter:
    :path: Flutter
  flutter_secure_storage:
    :path: ".symlinks/plugins/flutter_secure_storage/ios"
  package_info_plus:
    :path: ".symlinks/plugins/package_info_plus/ios"
  path_provider_foundation:
    :path: ".symlinks/plugins/path_provider_foundation/darwin"

SPEC CHECKSUMS:
  Auth0: 2876d0c36857422eda9cb580a6cc896c7d14cb36
  auth0_flutter: 031042ca6cf84f1b21611062b33ea7ec4bf3bc52
  Flutter: cabc95a1d2626b1b06e7179b784ebcf0c0cde467
  flutter_secure_storage: 1ed9476fba7e7a782b22888f956cce43e2c62f13
  JWTDecode: 7dae24cb9bf9b608eae61e5081029ec169bb5527
  package_info_plus: af8e2ca6888548050f16fa2f1938db7b5a5df499
  path_provider_foundation: 080d55be775b7414fd5a5ef3ac137b97b097e564
  SimpleKeychain: 768cf43ae778b1c21816e94dddf01bb8ee96a075

PODFILE CHECKSUM: e14ec2a90f0d68dae7bb139d7b883ceaf2853afc

COCOAPODS: 1.16.2
